
Microsoft Visual Studio Solution File, Format Version 12.00
# Visual Studio Version 17
VisualStudioVersion = 17.6.33815.320
MinimumVisualStudioVersion = 10.0.40219.1
Project("{9A19103F-16F7-4668-BE54-9A1E7A4F7556}") = "KGarden.Superlist.Domain", "KGarden.Superlist.Domain\KGarden.Superlist.Domain.csproj", "{4847822F-D6CD-4B21-B14E-E2C5C3E0E14D}"
EndProject
Project("{9A19103F-16F7-4668-BE54-9A1E7A4F7556}") = "KGarden.Superlist.Application", "KGarden.Superlist.Application\KGarden.Superlist.Application.csproj", "{B01AFD98-2B70-412F-A2AA-24852CB9AB1E}"
EndProject
Project("{9A19103F-16F7-4668-BE54-9A1E7A4F7556}") = "KGarden.Superlist.Web.UI", "KGarden.Superlist.WebUI\KGarden.Superlist.Web.UI.csproj", "{44E10952-6431-4828-9216-F06A3F48C305}"
	ProjectSection(ProjectDependencies) = postProject
		{1467EDF8-BEFB-4287-B138-92A9999B3814} = {1467EDF8-BEFB-4287-B138-92A9999B3814}
	EndProjectSection
EndProject
Project("{9A19103F-16F7-4668-BE54-9A1E7A4F7556}") = "KGarden.Superlist.Services", "KGarden.Superlist.Services\KGarden.Superlist.Services.csproj", "{30BCABB2-4A1B-4FC7-8BA5-1376AB3D6A20}"
EndProject
Project("{2150E333-8FDC-42A3-9474-1A3956D46DE8}") = "1.0 Web.UI", "1.0 Web.UI", "{BFE3524B-E331-4577-AC2A-AF643DB653E7}"
EndProject
Project("{2150E333-8FDC-42A3-9474-1A3956D46DE8}") = "2.0 Services", "2.0 Services", "{333755A5-E45C-44AB-9A13-3EA46A638633}"
EndProject
Project("{2150E333-8FDC-42A3-9474-1A3956D46DE8}") = "3.0 Application", "3.0 Application", "{9977A5F2-A4EF-4407-AC34-A809A5961122}"
EndProject
Project("{2150E333-8FDC-42A3-9474-1A3956D46DE8}") = "4.0 Domain", "4.0 Domain", "{C5822473-E59F-46CF-8D70-C24B4187585F}"
EndProject
Project("{2150E333-8FDC-42A3-9474-1A3956D46DE8}") = "5.0 Infra", "5.0 Infra", "{030F00C5-7546-4626-94D1-0CA9DD0DD57F}"
EndProject
Project("{2150E333-8FDC-42A3-9474-1A3956D46DE8}") = "6.0 CrossCutting", "6.0 CrossCutting", "{2E260F07-8F54-4A29-A911-B19105D8C05C}"
EndProject
Project("{9A19103F-16F7-4668-BE54-9A1E7A4F7556}") = "KGarden.SuperList.Infra.Data", "KGarden.SuperList.Infra.Data\KGarden.SuperList.Infra.Data.csproj", "{94418948-A61B-432A-A149-C62868955583}"
EndProject
Project("{9A19103F-16F7-4668-BE54-9A1E7A4F7556}") = "KGarden.SuperList.Infra.CrossCutting.Identity", "KGarden.SuperList.Infra.CrossCutting.Identity\KGarden.SuperList.Infra.CrossCutting.Identity.csproj", "{425DB4F9-823F-4F25-95E8-AB767B118BE4}"
EndProject
Project("{9A19103F-16F7-4668-BE54-9A1E7A4F7556}") = "KGarden.SuperList.Infra.CrossCutting.IoC", "KGarden.SuperList.Infra.CrossCutting.IoC\KGarden.SuperList.Infra.CrossCutting.IoC.csproj", "{4967F96D-BDCC-4195-BD39-3284E4528E3B}"
EndProject
Project("{9A19103F-16F7-4668-BE54-9A1E7A4F7556}") = "KGarden.Superlist.Infra.App.Settings", "KGarden.Superlist.Infra.App.Settings\KGarden.Superlist.Infra.App.Settings.csproj", "{8137DE72-17D0-4A86-83AE-50B532019EC5}"
EndProject
Project("{2150E333-8FDC-42A3-9474-1A3956D46DE8}") = "5.1 Data", "5.1 Data", "{3764BC6D-BDBF-4803-BE7F-2F468F88E617}"
EndProject
Project("{2150E333-8FDC-42A3-9474-1A3956D46DE8}") = "5.2 Settings", "5.2 Settings", "{BC1B3CB1-1654-455C-8B7D-B39F1FD9DC56}"
EndProject
Project("{2150E333-8FDC-42A3-9474-1A3956D46DE8}") = "Solution Items", "Solution Items", "{8D9CD7AA-60B7-45F6-96A2-9898F32D2EEF}"
	ProjectSection(SolutionItems) = preProject
		.editorconfig = .editorconfig
	EndProjectSection
EndProject
Project("{9A19103F-16F7-4668-BE54-9A1E7A4F7556}") = "KGarden.Superlist.Domain.Core", "KGarden.Superlist.Domain.Core\KGarden.Superlist.Domain.Core.csproj", "{1467EDF8-BEFB-4287-B138-92A9999B3814}"
EndProject
Project("{2150E333-8FDC-42A3-9474-1A3956D46DE8}") = "7.0 Utils.Common", "7.0 Utils.Common", "{D9CC4EF7-9E15-4401-ACE9-EA9DB42C38F2}"
EndProject
Project("{9A19103F-16F7-4668-BE54-9A1E7A4F7556}") = "KGarden.Superlist.Utils.Common", "KGarden.Superlist0.Utils.Common\KGarden.Superlist.Utils.Common.csproj", "{D3D64958-3E46-4CE2-8392-1F969408C14D}"
EndProject
Global
	GlobalSection(SolutionConfigurationPlatforms) = preSolution
		Debug|Any CPU = Debug|Any CPU
		Release|Any CPU = Release|Any CPU
	EndGlobalSection
	GlobalSection(ProjectConfigurationPlatforms) = postSolution
		{4847822F-D6CD-4B21-B14E-E2C5C3E0E14D}.Debug|Any CPU.ActiveCfg = Debug|Any CPU
		{4847822F-D6CD-4B21-B14E-E2C5C3E0E14D}.Debug|Any CPU.Build.0 = Debug|Any CPU
		{4847822F-D6CD-4B21-B14E-E2C5C3E0E14D}.Release|Any CPU.ActiveCfg = Release|Any CPU
		{4847822F-D6CD-4B21-B14E-E2C5C3E0E14D}.Release|Any CPU.Build.0 = Release|Any CPU
		{B01AFD98-2B70-412F-A2AA-24852CB9AB1E}.Debug|Any CPU.ActiveCfg = Debug|Any CPU
		{B01AFD98-2B70-412F-A2AA-24852CB9AB1E}.Debug|Any CPU.Build.0 = Debug|Any CPU
		{B01AFD98-2B70-412F-A2AA-24852CB9AB1E}.Release|Any CPU.ActiveCfg = Release|Any CPU
		{B01AFD98-2B70-412F-A2AA-24852CB9AB1E}.Release|Any CPU.Build.0 = Release|Any CPU
		{44E10952-6431-4828-9216-F06A3F48C305}.Debug|Any CPU.ActiveCfg = Debug|Any CPU
		{44E10952-6431-4828-9216-F06A3F48C305}.Debug|Any CPU.Build.0 = Debug|Any CPU
		{44E10952-6431-4828-9216-F06A3F48C305}.Release|Any CPU.ActiveCfg = Release|Any CPU
		{44E10952-6431-4828-9216-F06A3F48C305}.Release|Any CPU.Build.0 = Release|Any CPU
		{30BCABB2-4A1B-4FC7-8BA5-1376AB3D6A20}.Debug|Any CPU.ActiveCfg = Debug|Any CPU
		{30BCABB2-4A1B-4FC7-8BA5-1376AB3D6A20}.Debug|Any CPU.Build.0 = Debug|Any CPU
		{30BCABB2-4A1B-4FC7-8BA5-1376AB3D6A20}.Release|Any CPU.ActiveCfg = Release|Any CPU
		{30BCABB2-4A1B-4FC7-8BA5-1376AB3D6A20}.Release|Any CPU.Build.0 = Release|Any CPU
		{94418948-A61B-432A-A149-C62868955583}.Debug|Any CPU.ActiveCfg = Debug|Any CPU
		{94418948-A61B-432A-A149-C62868955583}.Debug|Any CPU.Build.0 = Debug|Any CPU
		{94418948-A61B-432A-A149-C62868955583}.Release|Any CPU.ActiveCfg = Release|Any CPU
		{94418948-A61B-432A-A149-C62868955583}.Release|Any CPU.Build.0 = Release|Any CPU
		{425DB4F9-823F-4F25-95E8-AB767B118BE4}.Debug|Any CPU.ActiveCfg = Debug|Any CPU
		{425DB4F9-823F-4F25-95E8-AB767B118BE4}.Debug|Any CPU.Build.0 = Debug|Any CPU
		{425DB4F9-823F-4F25-95E8-AB767B118BE4}.Release|Any CPU.ActiveCfg = Release|Any CPU
		{425DB4F9-823F-4F25-95E8-AB767B118BE4}.Release|Any CPU.Build.0 = Release|Any CPU
		{4967F96D-BDCC-4195-BD39-3284E4528E3B}.Debug|Any CPU.ActiveCfg = Debug|Any CPU
		{4967F96D-BDCC-4195-BD39-3284E4528E3B}.Debug|Any CPU.Build.0 = Debug|Any CPU
		{4967F96D-BDCC-4195-BD39-3284E4528E3B}.Release|Any CPU.ActiveCfg = Release|Any CPU
		{4967F96D-BDCC-4195-BD39-3284E4528E3B}.Release|Any CPU.Build.0 = Release|Any CPU
		{8137DE72-17D0-4A86-83AE-50B532019EC5}.Debug|Any CPU.ActiveCfg = Debug|Any CPU
		{8137DE72-17D0-4A86-83AE-50B532019EC5}.Debug|Any CPU.Build.0 = Debug|Any CPU
		{8137DE72-17D0-4A86-83AE-50B532019EC5}.Release|Any CPU.ActiveCfg = Release|Any CPU
		{8137DE72-17D0-4A86-83AE-50B532019EC5}.Release|Any CPU.Build.0 = Release|Any CPU
		{1467EDF8-BEFB-4287-B138-92A9999B3814}.Debug|Any CPU.ActiveCfg = Debug|Any CPU
		{1467EDF8-BEFB-4287-B138-92A9999B3814}.Debug|Any CPU.Build.0 = Debug|Any CPU
		{1467EDF8-BEFB-4287-B138-92A9999B3814}.Release|Any CPU.ActiveCfg = Release|Any CPU
		{1467EDF8-BEFB-4287-B138-92A9999B3814}.Release|Any CPU.Build.0 = Release|Any CPU
		{D3D64958-3E46-4CE2-8392-1F969408C14D}.Debug|Any CPU.ActiveCfg = Debug|Any CPU
		{D3D64958-3E46-4CE2-8392-1F969408C14D}.Debug|Any CPU.Build.0 = Debug|Any CPU
		{D3D64958-3E46-4CE2-8392-1F969408C14D}.Release|Any CPU.ActiveCfg = Release|Any CPU
		{D3D64958-3E46-4CE2-8392-1F969408C14D}.Release|Any CPU.Build.0 = Release|Any CPU
	EndGlobalSection
	GlobalSection(SolutionProperties) = preSolution
		HideSolutionNode = FALSE
	EndGlobalSection
	GlobalSection(NestedProjects) = preSolution
		{4847822F-D6CD-4B21-B14E-E2C5C3E0E14D} = {C5822473-E59F-46CF-8D70-C24B4187585F}
		{B01AFD98-2B70-412F-A2AA-24852CB9AB1E} = {9977A5F2-A4EF-4407-AC34-A809A5961122}
		{44E10952-6431-4828-9216-F06A3F48C305} = {BFE3524B-E331-4577-AC2A-AF643DB653E7}
		{30BCABB2-4A1B-4FC7-8BA5-1376AB3D6A20} = {333755A5-E45C-44AB-9A13-3EA46A638633}
		{94418948-A61B-432A-A149-C62868955583} = {3764BC6D-BDBF-4803-BE7F-2F468F88E617}
		{425DB4F9-823F-4F25-95E8-AB767B118BE4} = {2E260F07-8F54-4A29-A911-B19105D8C05C}
		{4967F96D-BDCC-4195-BD39-3284E4528E3B} = {2E260F07-8F54-4A29-A911-B19105D8C05C}
		{8137DE72-17D0-4A86-83AE-50B532019EC5} = {BC1B3CB1-1654-455C-8B7D-B39F1FD9DC56}
		{3764BC6D-BDBF-4803-BE7F-2F468F88E617} = {030F00C5-7546-4626-94D1-0CA9DD0DD57F}
		{BC1B3CB1-1654-455C-8B7D-B39F1FD9DC56} = {030F00C5-7546-4626-94D1-0CA9DD0DD57F}
		{1467EDF8-BEFB-4287-B138-92A9999B3814} = {C5822473-E59F-46CF-8D70-C24B4187585F}
		{D3D64958-3E46-4CE2-8392-1F969408C14D} = {D9CC4EF7-9E15-4401-ACE9-EA9DB42C38F2}
	EndGlobalSection
	GlobalSection(ExtensibilityGlobals) = postSolution
		SolutionGuid = {3B7528E5-61F3-4551-8270-16CBAEDA31B0}
	EndGlobalSection
EndGlobal
